
Microsoft Visual Studio Solution File, Format Version 12.00
# Visual Studio Version 17
VisualStudioVersion = 17.1.32210.238
MinimumVisualStudioVersion = 10.0.40219.1
Project("{FAE04EC0-301F-11D3-BF4B-00C04F79EFBC}") = "Amazon", "Amazon\Amazon.csproj", "{7A38A374-1461-4020-A5C3-955066F68456}"
EndProject
Global
	GlobalSection(SolutionConfigurationPlatforms) = preSolution
		Debug|Any CPU = Debug|Any CPU
		Release|Any CPU = Release|Any CPU
	EndGlobalSection
	GlobalSection(ProjectConfigurationPlatforms) = postSolution
		{7A38A374-1461-4020-A5C3-955066F68456}.Debug|Any CPU.ActiveCfg = Debug|Any CPU
		{7A38A374-1461-4020-A5C3-955066F68456}.Debug|Any CPU.Build.0 = Debug|Any CPU
		{7A38A374-1461-4020-A5C3-955066F68456}.Release|Any CPU.ActiveCfg = Release|Any CPU
		{7A38A374-1461-4020-A5C3-955066F68456}.Release|Any CPU.Build.0 = Release|Any CPU
	EndGlobalSection
	GlobalSection(SolutionProperties) = preSolution
		HideSolutionNode = FALSE
	EndGlobalSection
	GlobalSection(ExtensibilityGlobals) = postSolution
		SolutionGuid = {BCCA6B08-8A41-4840-A4D9-B5E20C6A83D1}
	EndGlobalSection
EndGlobal
